
Microsoft Visual Studio Solution File, Format Version 12.00
# Visual Studio Version 16
VisualStudioVersion = 16.0.29613.14
MinimumVisualStudioVersion = 10.0.40219.1
Project("{FAE04EC0-301F-11D3-BF4B-00C04F79EFBC}") = "SpoofMacAddress", "SpoofMacAddress\SpoofMacAddress.csproj", "{6220FE18-BD63-45B1-B249-7CAAED078DD8}"
EndProject
Global
	GlobalSection(SolutionConfigurationPlatforms) = preSolution
		Debug|Any CPU = Debug|Any CPU
		Release|Any CPU = Release|Any CPU
	EndGlobalSection
	GlobalSection(ProjectConfigurationPlatforms) = postSolution
		{6220FE18-BD63-45B1-B249-7CAAED078DD8}.Debug|Any CPU.ActiveCfg = Debug|Any CPU
		{6220FE18-BD63-45B1-B249-7CAAED078DD8}.Debug|Any CPU.Build.0 = Debug|Any CPU
		{6220FE18-BD63-45B1-B249-7CAAED078DD8}.Release|Any CPU.ActiveCfg = Release|Any CPU
		{6220FE18-BD63-45B1-B249-7CAAED078DD8}.Release|Any CPU.Build.0 = Release|Any CPU
	EndGlobalSection
	GlobalSection(SolutionProperties) = preSolution
		HideSolutionNode = FALSE
	EndGlobalSection
	GlobalSection(ExtensibilityGlobals) = postSolution
		SolutionGuid = {91F3F93E-F71F-433A-A02B-584A07C1341F}
	EndGlobalSection
EndGlobal
